<Solution>
  <Folder Name="/Src/" />
  <Folder Name="/Src/Core/">
    <Project Path="src/Dev.WooAI.Core.AiGateway/Dev.WooAI.Core.AiGateway.csproj" Id="f490a479-d61b-4c58-b732-d2dd9ff064e4" />
    <Project Path="src/Dev.WooAI.Core.Rag/Dev.WooAI.Core.Rag.csproj" Id="9a3854b9-dfb0-49a6-8af4-8862b2072767" />
  </Folder>
  <Folder Name="/Src/Hosts/">
    <Project Path="src/Dev.WooAI.AppHost/Dev.WooAI.AppHost.csproj" Id="9d810d19-0746-4562-b87e-9226a53a0e70" />
    <Project Path="src/Dev.wooAI.HttpApi/Dev.WooAI.HttpApi.csproj" />
    <Project Path="src/Dev.WooAI.MigrationsDbWorkerService/Dev.WooAI.MigrationsDbWorkerService.csproj" Id="c5e7c3e6-857e-49e1-9eb2-5eca4fe4a472" />
    <Project Path="src/Dev.WooAI.ServiceDefaults/Dev.WooAI.ServiceDefaults.csproj" Id="e0fcccb4-ecea-442f-bb53-9b14b2423786" />
  </Folder>
  <Folder Name="/Src/Infrastructure/">
    <Project Path="src/Dev.WooAI.EntityFreworkCore/Dev.WooAI.EntityFreworkCore.csproj" Id="1db5f8d4-49d4-4ac1-8703-e8d5f8a225af" />
    <Project Path="src/Dev.WooAI.EventBus/Dev.WooAI.EventBus.csproj" Id="7e1f4f1b-a04d-450a-8d99-f6011502abf4" />
    <Project Path="src/Dev.WooAI.Infrastructure/Dev.WooAI.Infrastructure.csproj" />
  </Folder>
  <Folder Name="/Src/Services/">
    <Project Path="src/Dev.WooAI.AiGatewayService/Dev.WooAI.AiGatewayService.csproj" Id="939f2f4b-e866-4a3c-a38b-f05e627a2fbc" />
    <Project Path="src/Dev.WooAI.IdentityService/Dev.WooAI.IdentityService.csproj" Id="d0499a8f-dec0-4248-b6cb-fc0134a570da" />
    <Project Path="src/Dev.WooAI.RagService/Dev.WooAI.RagService.csproj" Id="7798d1dd-d9d2-4055-bc59-05a9a9fb2e49" />
    <Project Path="src/Dev.WooAI.Services.Common/Dev.WooAI.Services.Common.csproj" Id="2a938176-9fda-40ec-909e-5f5440ffb23c" />
  </Folder>
  <Folder Name="/Src/Shared/">
    <Project Path="src/Dev.WooAI.AgentPlugin/Dev.WooAI.AgentPlugin.csproj" Id="033467ce-fa2c-4b15-952d-10e8cf25dc7f" />
    <Project Path="src/Dev.WooAI.SharedKernel/Dev.WooAI.SharedKernel.csproj" Id="73a6d611-ff23-4d3c-98c4-cd9ef682d610" />
  </Folder>
</Solution>
